
Microsoft Visual Studio Solution File, Format Version 12.00
# Visual Studio Version 17
VisualStudioVersion = 17.6.33829.357
MinimumVisualStudioVersion = 10.0.40219.1
Project("{FAE04EC0-301F-11D3-BF4B-00C04F79EFBC}") = "Tenor", "Tenor.csproj", "{AA2635C1-EC4F-4592-A615-F683AD46D58B}"
EndProject
Global
	GlobalSection(SolutionConfigurationPlatforms) = preSolution
		Debug|Any CPU = Debug|Any CPU
		Release|Any CPU = Release|Any CPU
	EndGlobalSection
	GlobalSection(ProjectConfigurationPlatforms) = postSolution
		{AA2635C1-EC4F-4592-A615-F683AD46D58B}.Debug|Any CPU.ActiveCfg = Debug|Any CPU
		{AA2635C1-EC4F-4592-A615-F683AD46D58B}.Debug|Any CPU.Build.0 = Debug|Any CPU
		{AA2635C1-EC4F-4592-A615-F683AD46D58B}.Release|Any CPU.ActiveCfg = Release|Any CPU
		{AA2635C1-EC4F-4592-A615-F683AD46D58B}.Release|Any CPU.Build.0 = Release|Any CPU
	EndGlobalSection
	GlobalSection(SolutionProperties) = preSolution
		HideSolutionNode = FALSE
	EndGlobalSection
	GlobalSection(ExtensibilityGlobals) = postSolution
		SolutionGuid = {A7C26E63-4D26-4721-9E48-690F0B421047}
	EndGlobalSection
EndGlobal
